
Microsoft Visual Studio Solution File, Format Version 12.00
# Visual Studio 15
VisualStudioVersion = 15.0.26403.7
MinimumVisualStudioVersion = 10.0.40219.1
Project("{2150E333-8FDC-42A3-9474-1A3956D46DE8}") = "PackageManagment", "PackageManagment", "{D5F4FDA1-F639-4CC9-A2B5-1ADA42E4D3FE}"
EndProject
Project("{FAE04EC0-301F-11D3-BF4B-00C04F79EFBC}") = "PackageManagment.Api", "PackageManagment.Api\PackageManagment.Api.csproj", "{54FB58C5-4923-4DC7-8003-A96942A67999}"
EndProject
Project("{FAE04EC0-301F-11D3-BF4B-00C04F79EFBC}") = "PackageManagment.Infra", "PackageManagment.Infra\PackageManagment.Infra.csproj", "{C12E4782-07AB-4630-9194-F3A5DA34E97D}"
EndProject
Project("{2150E333-8FDC-42A3-9474-1A3956D46DE8}") = "CRM", "CRM", "{F2CFD64C-6CB7-40D3-86AB-53B65DD8A205}"
EndProject
Project("{FAE04EC0-301F-11D3-BF4B-00C04F79EFBC}") = "CRM.Domain", "CRM.Domain\CRM.Domain.csproj", "{CCA7D39B-54FF-4F37-A964-647EA47BA011}"
EndProject
Project("{FAE04EC0-301F-11D3-BF4B-00C04F79EFBC}") = "CRM.Infra", "CRM.Infra\CRM.Infra.csproj", "{5DEBDD47-4A5E-4C7C-89EE-BFE055381719}"
EndProject
Project("{FAE04EC0-301F-11D3-BF4B-00C04F79EFBC}") = "CRM.App", "CRM.App\CRM.App.csproj", "{48D882FF-BC76-456C-A2F9-5BDFEEA94719}"
EndProject
Project("{FAE04EC0-301F-11D3-BF4B-00C04F79EFBC}") = "PM.Domain", "PM.Domain\PM.Domain.csproj", "{34087D86-A7F1-44E9-88CC-ED7001800E22}"
EndProject
Global
	GlobalSection(SolutionConfigurationPlatforms) = preSolution
		Debug|Any CPU = Debug|Any CPU
		Release|Any CPU = Release|Any CPU
	EndGlobalSection
	GlobalSection(ProjectConfigurationPlatforms) = postSolution
		{54FB58C5-4923-4DC7-8003-A96942A67999}.Debug|Any CPU.ActiveCfg = Debug|Any CPU
		{54FB58C5-4923-4DC7-8003-A96942A67999}.Debug|Any CPU.Build.0 = Debug|Any CPU
		{54FB58C5-4923-4DC7-8003-A96942A67999}.Release|Any CPU.ActiveCfg = Release|Any CPU
		{54FB58C5-4923-4DC7-8003-A96942A67999}.Release|Any CPU.Build.0 = Release|Any CPU
		{C12E4782-07AB-4630-9194-F3A5DA34E97D}.Debug|Any CPU.ActiveCfg = Debug|Any CPU
		{C12E4782-07AB-4630-9194-F3A5DA34E97D}.Debug|Any CPU.Build.0 = Debug|Any CPU
		{C12E4782-07AB-4630-9194-F3A5DA34E97D}.Release|Any CPU.ActiveCfg = Release|Any CPU
		{C12E4782-07AB-4630-9194-F3A5DA34E97D}.Release|Any CPU.Build.0 = Release|Any CPU
		{CCA7D39B-54FF-4F37-A964-647EA47BA011}.Debug|Any CPU.ActiveCfg = Debug|Any CPU
		{CCA7D39B-54FF-4F37-A964-647EA47BA011}.Debug|Any CPU.Build.0 = Debug|Any CPU
		{CCA7D39B-54FF-4F37-A964-647EA47BA011}.Release|Any CPU.ActiveCfg = Release|Any CPU
		{CCA7D39B-54FF-4F37-A964-647EA47BA011}.Release|Any CPU.Build.0 = Release|Any CPU
		{5DEBDD47-4A5E-4C7C-89EE-BFE055381719}.Debug|Any CPU.ActiveCfg = Debug|Any CPU
		{5DEBDD47-4A5E-4C7C-89EE-BFE055381719}.Debug|Any CPU.Build.0 = Debug|Any CPU
		{5DEBDD47-4A5E-4C7C-89EE-BFE055381719}.Release|Any CPU.ActiveCfg = Release|Any CPU
		{5DEBDD47-4A5E-4C7C-89EE-BFE055381719}.Release|Any CPU.Build.0 = Release|Any CPU
		{48D882FF-BC76-456C-A2F9-5BDFEEA94719}.Debug|Any CPU.ActiveCfg = Debug|Any CPU
		{48D882FF-BC76-456C-A2F9-5BDFEEA94719}.Debug|Any CPU.Build.0 = Debug|Any CPU
		{48D882FF-BC76-456C-A2F9-5BDFEEA94719}.Release|Any CPU.ActiveCfg = Release|Any CPU
		{48D882FF-BC76-456C-A2F9-5BDFEEA94719}.Release|Any CPU.Build.0 = Release|Any CPU
		{34087D86-A7F1-44E9-88CC-ED7001800E22}.Debug|Any CPU.ActiveCfg = Debug|Any CPU
		{34087D86-A7F1-44E9-88CC-ED7001800E22}.Debug|Any CPU.Build.0 = Debug|Any CPU
		{34087D86-A7F1-44E9-88CC-ED7001800E22}.Release|Any CPU.ActiveCfg = Release|Any CPU
		{34087D86-A7F1-44E9-88CC-ED7001800E22}.Release|Any CPU.Build.0 = Release|Any CPU
	EndGlobalSection
	GlobalSection(SolutionProperties) = preSolution
		HideSolutionNode = FALSE
	EndGlobalSection
	GlobalSection(NestedProjects) = preSolution
		{54FB58C5-4923-4DC7-8003-A96942A67999} = {D5F4FDA1-F639-4CC9-A2B5-1ADA42E4D3FE}
		{C12E4782-07AB-4630-9194-F3A5DA34E97D} = {D5F4FDA1-F639-4CC9-A2B5-1ADA42E4D3FE}
		{CCA7D39B-54FF-4F37-A964-647EA47BA011} = {F2CFD64C-6CB7-40D3-86AB-53B65DD8A205}
		{5DEBDD47-4A5E-4C7C-89EE-BFE055381719} = {F2CFD64C-6CB7-40D3-86AB-53B65DD8A205}
		{48D882FF-BC76-456C-A2F9-5BDFEEA94719} = {F2CFD64C-6CB7-40D3-86AB-53B65DD8A205}
		{34087D86-A7F1-44E9-88CC-ED7001800E22} = {D5F4FDA1-F639-4CC9-A2B5-1ADA42E4D3FE}
	EndGlobalSection
EndGlobal
